# This file is autogenerated, do not edit; changes may be undone by the next 'dep ensure'.


[[projects]]
  digest = "1:652880afc6b57ce0a67173f552cb35ccda816493a1da6ca20e5074a66bcd083f"
  name = "github.com/buaazp/fasthttprouter"
  packages = ["."]
  pruneopts = "UT"
  revision = "ade4e2031af3aed7fffd241084aad80a58faf421"
  version = "v0.1.1"

[[projects]]
  branch = "master"
  digest = "1:b1bb14fa735e16552a916bd5cd56583a734791c5d765045e25285f1388eb15c4"
  name = "github.com/go-ocf/authorization"
  packages = [
    "protobuf/auth",
    "uri",
  ]
  pruneopts = "UT"
  revision = "d6f36b9803f4124eac53ce2fcacfeff011ba918c"

[[projects]]
  branch = "master"
  digest = "1:d73a892ddf5fd46e2f9c7dd29613bf4135d29d83929ab3ed7480b6c447c1b76b"
  name = "github.com/go-ocf/go-coap"
  packages = ["."]
  pruneopts = "UT"
  revision = "8c46bd2bfb6b7030ed3b182192eeca04c54c7a66"

[[projects]]
  branch = "master"
  digest = "1:d05e679079eed5d826e87b784fffcbc86f9349c780d93aecc646ec0c7905d5ce"
  name = "github.com/go-ocf/kit"
  packages = [
    "http",
    "log",
  ]
  pruneopts = "UT"
  revision = "dd56d824b49746ff155934bb988101a3e5b3b8be"

[[projects]]
  branch = "master"
  digest = "1:ec19877c9a256148bff6db1ba2d9f57c46ae9eac577a695f4e33d17a83b768e6"
  name = "github.com/go-ocf/resources"
  packages = [
    "protobuf/resources",
    "protobuf/resources/commands",
  ]
  pruneopts = "UT"
  revision = "24e895eb7244b6a70ca6de0aec4b81f9e0479999"

[[projects]]
  digest = "1:a9c85389dbd301c97a3499fe15a2b65b505b5f0cb0f1120dea59f1f3d6b11d96"
  name = "github.com/gogo/protobuf"
  packages = [
    "gogoproto",
    "proto",
    "protoc-gen-gogo/descriptor",
  ]
  pruneopts = "UT"
  revision = "4cbf7e384e768b4e01799441fdf2a706a5635ae7"
  version = "v1.2.0"

[[projects]]
  digest = "1:edbef42561faa44c19129b68d1e109fbc1647f63239250391eadc8d0e7c9f669"
  name = "github.com/kelseyhightower/envconfig"
  packages = ["."]
  pruneopts = "UT"
  revision = "f611eb38b3875cc3bd991ca91c51d06446afa14c"
  version = "v1.3.0"

[[projects]]
  digest = "1:aaa8e0e7e35d92e21daed3f241832cee73d15ca1cd3302ba3843159a959a7eac"
  name = "github.com/klauspost/compress"
  packages = [
    "flate",
    "gzip",
    "zlib",
  ]
  pruneopts = "UT"
  revision = "30be6041bed523c18e269a700ebd9c2ea9328574"
  version = "v1.4.1"

[[projects]]
  digest = "1:2d643962fac133904694fffa959bc3c5dcfdcee38c6f5ffdd99a3c93eb9c835c"
  name = "github.com/klauspost/cpuid"
  packages = ["."]
  pruneopts = "UT"
  revision = "e7e905edc00ea8827e58662220139109efea09db"
  version = "v1.2.0"

[[projects]]
  digest = "1:03aa6e485e528acb119fb32901cf99582c380225fc7d5a02758e08b180cb56c3"
  name = "github.com/ugorji/go"
  packages = ["codec"]
  pruneopts = "UT"
  revision = "b4c50a2b199d93b13dc15e78929cfb23bfdf21ab"
  version = "v1.1.1"

[[projects]]
  digest = "1:c468422f334a6b46a19448ad59aaffdfc0a36b08fdcc1c749a0b29b6453d7e59"
  name = "github.com/valyala/bytebufferpool"
  packages = ["."]
  pruneopts = "UT"
  revision = "e746df99fe4a3986f4d4f79e13c1e0117ce9c2f7"
  version = "v1.0.0"

[[projects]]
  branch = "master"
  digest = "1:4ecfa0e43fcde26b78bd50886f093851d858f27e6525e6f7577a066069df83b8"
  name = "github.com/valyala/fasthttp"
  packages = [
    ".",
    "fasthttputil",
    "stackless",
  ]
  pruneopts = "UT"
  revision = "62dcd6fdcedcced7ed39ae32df8a96dc1e20e644"

[[projects]]
  digest = "1:3c1a69cdae3501bf75e76d0d86dc6f2b0a7421bc205c0cb7b96b19eed464a34d"
  name = "go.uber.org/atomic"
  packages = ["."]
  pruneopts = "UT"
  revision = "1ea20fb1cbb1cc08cbd0d913a96dead89aa18289"
  version = "v1.3.2"

[[projects]]
  digest = "1:60bf2a5e347af463c42ed31a493d817f8a72f102543060ed992754e689805d1a"
  name = "go.uber.org/multierr"
  packages = ["."]
  pruneopts = "UT"
  revision = "3c4937480c32f4c13a875a1829af76c98ca3d40a"
  version = "v1.1.0"

[[projects]]
  digest = "1:c52caf7bd44f92e54627a31b85baf06a68333a196b3d8d241480a774733dcf8b"
  name = "go.uber.org/zap"
  packages = [
    ".",
    "buffer",
    "internal/bufferpool",
    "internal/color",
    "internal/exit",
    "zapcore",
  ]
  pruneopts = "UT"
  revision = "ff33455a0e382e8a81d14dd7c922020b6b5e7982"
  version = "v1.9.1"

[[projects]]
  branch = "master"
  digest = "1:017f082ca972d27a7f9f336cb0ad08b01e7024b0da4bc362d127deed2574b83d"
  name = "golang.org/x/net"
  packages = [
    "bpf",
    "internal/iana",
    "internal/socket",
    "ipv4",
    "ipv6",
  ]
  pruneopts = "UT"
  revision = "e147a9138326bc0e9d4e179541ffd8af41cff8a9"

[solve-meta]
  analyzer-name = "dep"
  analyzer-version = 1
  input-imports = [
    "github.com/buaazp/fasthttprouter",
    "github.com/go-ocf/authorization/protobuf/auth",
    "github.com/go-ocf/authorization/uri",
    "github.com/go-ocf/go-coap",
    "github.com/go-ocf/kit/http",
    "github.com/go-ocf/kit/log",
    "github.com/go-ocf/resources/protobuf/resources/commands",
    "github.com/kelseyhightower/envconfig",
    "github.com/ugorji/go/codec",
    "github.com/valyala/fasthttp",
  ]
  solver-name = "gps-cdcl"
  solver-version = 1
